
Microsoft Visual Studio Solution File, Format Version 12.00
# Visual Studio Version 17
VisualStudioVersion = 17.5.002.0
MinimumVisualStudioVersion = 10.0.40219.1
Project("{2150E333-8FDC-42A3-9474-1A3956D46DE8}") = "selenium", "selenium", "{E9B090B9-70E4-4DBB-925A-5FFC1AF977C2}"
EndProject
Project("{2150E333-8FDC-42A3-9474-1A3956D46DE8}") = "tests", "tests", "{4E638B1B-6CF9-432F-9F4D-813419253E5E}"
EndProject
Project("{9A19103F-16F7-4668-BE54-9A1E7A4F7556}") = "WhenOpeningSignUp", "selenium\tests\Valid_tests\WhenOpeningSignUp.csproj", "{B9E1D40A-41D8-4904-975A-60FFB799BB2E}"
EndProject
Global
	GlobalSection(SolutionConfigurationPlatforms) = preSolution
		Debug|Any CPU = Debug|Any CPU
		Release|Any CPU = Release|Any CPU
	EndGlobalSection
	GlobalSection(ProjectConfigurationPlatforms) = postSolution
		{B9E1D40A-41D8-4904-975A-60FFB799BB2E}.Debug|Any CPU.ActiveCfg = Debug|Any CPU
		{B9E1D40A-41D8-4904-975A-60FFB799BB2E}.Debug|Any CPU.Build.0 = Debug|Any CPU
		{B9E1D40A-41D8-4904-975A-60FFB799BB2E}.Release|Any CPU.ActiveCfg = Release|Any CPU
		{B9E1D40A-41D8-4904-975A-60FFB799BB2E}.Release|Any CPU.Build.0 = Release|Any CPU
	EndGlobalSection
	GlobalSection(SolutionProperties) = preSolution
		HideSolutionNode = FALSE
	EndGlobalSection
	GlobalSection(NestedProjects) = preSolution
		{4E638B1B-6CF9-432F-9F4D-813419253E5E} = {E9B090B9-70E4-4DBB-925A-5FFC1AF977C2}
		{B9E1D40A-41D8-4904-975A-60FFB799BB2E} = {4E638B1B-6CF9-432F-9F4D-813419253E5E}
	EndGlobalSection
	GlobalSection(ExtensibilityGlobals) = postSolution
		SolutionGuid = {ADFD6F24-573A-4A26-92A5-81D18216851D}
	EndGlobalSection
EndGlobal
